{
  "meteor": {},
  "dependencies": {
    "basePackages": {
      "iron-router": {
        "git": "https://github.com/EventedMind/iron-router.git",
        "branch": "dev"
      },
      "iron-router-progress": {
        "git": "https://github.com/Multiply/iron-router-progress.git",
        "branch": "blaze-integration"
      },
      "bootstrap-3": {}
    },
    "packages": {
      "iron-router": {
        "git": "https://github.com/EventedMind/iron-router.git",
        "branch": "dev",
        "commit": "3cfa4c618f6d6dffd209b4c0cb0f1d37c5223c09"
      },
      "iron-router-progress": {
        "git": "https://github.com/Multiply/iron-router-progress.git",
        "branch": "blaze-integration",
        "commit": "a44eabab9f23b86c42c680cce90b6007fdd7f613"
      },
      "bootstrap-3": {
        "git": "https://github.com/mangasocial/meteor-bootstrap-3.git",
        "tag": "v3.1.1-1",
        "commit": "63dd38968828bb8963636df93e9a1c45e2dfe67e"
      },
      "blaze-layout": {
        "git": "https://github.com/EventedMind/blaze-layout.git",
        "branch": "master",
        "commit": "2664f817844fba0fab0455a79bc62782c9091ad0"
      }
    }
  }
}
